
Microsoft Visual Studio Solution File, Format Version 12.00
# Visual Studio Version 17
VisualStudioVersion = 17.0.32112.339
MinimumVisualStudioVersion = 10.0.40219.1
Project("{8BC9CEB8-8B4A-11D0-8D11-00A0C91BC942}") = "Exceptions", "Exceptions\Exceptions.vcxproj", "{6218D81B-3DEA-41A2-96DB-31B61DC92201}"
EndProject
Global
	GlobalSection(SolutionConfigurationPlatforms) = preSolution
		Debug|x64 = Debug|x64
		Debug|x86 = Debug|x86
		Release|x64 = Release|x64
		Release|x86 = Release|x86
	EndGlobalSection
	GlobalSection(ProjectConfigurationPlatforms) = postSolution
		{6218D81B-3DEA-41A2-96DB-31B61DC92201}.Debug|x64.ActiveCfg = Debug|x64
		{6218D81B-3DEA-41A2-96DB-31B61DC92201}.Debug|x64.Build.0 = Debug|x64
		{6218D81B-3DEA-41A2-96DB-31B61DC92201}.Debug|x86.ActiveCfg = Debug|Win32
		{6218D81B-3DEA-41A2-96DB-31B61DC92201}.Debug|x86.Build.0 = Debug|Win32
		{6218D81B-3DEA-41A2-96DB-31B61DC92201}.Release|x64.ActiveCfg = Release|x64
		{6218D81B-3DEA-41A2-96DB-31B61DC92201}.Release|x64.Build.0 = Release|x64
		{6218D81B-3DEA-41A2-96DB-31B61DC92201}.Release|x86.ActiveCfg = Release|Win32
		{6218D81B-3DEA-41A2-96DB-31B61DC92201}.Release|x86.Build.0 = Release|Win32
	EndGlobalSection
	GlobalSection(SolutionProperties) = preSolution
		HideSolutionNode = FALSE
	EndGlobalSection
	GlobalSection(ExtensibilityGlobals) = postSolution
		SolutionGuid = {A812CFFA-E667-4428-B6A6-1F56EDFF05D3}
	EndGlobalSection
EndGlobal
