
Microsoft Visual Studio Solution File, Format Version 12.00
# Visual Studio Version 17
VisualStudioVersion = 17.0.32112.339
MinimumVisualStudioVersion = 10.0.40219.1
Project("{8BC9CEB8-8B4A-11D0-8D11-00A0C91BC942}") = "MovingTotal", "MovingTotal\MovingTotal.vcxproj", "{CB37426A-56A9-4196-99C8-C12696A19894}"
EndProject
Global
	GlobalSection(SolutionConfigurationPlatforms) = preSolution
		Debug|x64 = Debug|x64
		Debug|x86 = Debug|x86
		Release|x64 = Release|x64
		Release|x86 = Release|x86
	EndGlobalSection
	GlobalSection(ProjectConfigurationPlatforms) = postSolution
		{CB37426A-56A9-4196-99C8-C12696A19894}.Debug|x64.ActiveCfg = Debug|x64
		{CB37426A-56A9-4196-99C8-C12696A19894}.Debug|x64.Build.0 = Debug|x64
		{CB37426A-56A9-4196-99C8-C12696A19894}.Debug|x86.ActiveCfg = Debug|Win32
		{CB37426A-56A9-4196-99C8-C12696A19894}.Debug|x86.Build.0 = Debug|Win32
		{CB37426A-56A9-4196-99C8-C12696A19894}.Release|x64.ActiveCfg = Release|x64
		{CB37426A-56A9-4196-99C8-C12696A19894}.Release|x64.Build.0 = Release|x64
		{CB37426A-56A9-4196-99C8-C12696A19894}.Release|x86.ActiveCfg = Release|Win32
		{CB37426A-56A9-4196-99C8-C12696A19894}.Release|x86.Build.0 = Release|Win32
	EndGlobalSection
	GlobalSection(SolutionProperties) = preSolution
		HideSolutionNode = FALSE
	EndGlobalSection
	GlobalSection(ExtensibilityGlobals) = postSolution
		SolutionGuid = {C64783F4-B8B8-46C7-A0CB-3FF71ABD331B}
	EndGlobalSection
EndGlobal
