// !$*UTF8*$!
{
	archiveVersion = 1;
	classes = {
	};
	objectVersion = 46;
	objects = {

/* Begin PBXBuildFile section */
		5EC0486C1E478F2F00E1E43F /* Picachu.cpp in Sources */ = {isa = PBXBuildFile; fileRef = 5EC0486A1E478F2F00E1E43F /* Picachu.cpp */; };
		84200CEB1E448A4E00B7C693 /* main.cpp in Sources */ = {isa = PBXBuildFile; fileRef = 84200CEA1E448A4E00B7C693 /* main.cpp */; };
		84200CF31E448AA700B7C693 /* MyClass.cpp in Sources */ = {isa = PBXBuildFile; fileRef = 84200CF11E448AA700B7C693 /* MyClass.cpp */; };
		84200CF61E448F7000B7C693 /* MySecondClass.cpp in Sources */ = {isa = PBXBuildFile; fileRef = 84200CF41E448F7000B7C693 /* MySecondClass.cpp */; };
/* End PBXBuildFile section */

/* Begin PBXCopyFilesBuildPhase section */
		84200CE51E448A4E00B7C693 /* CopyFiles */ = {
			isa = PBXCopyFilesBuildPhase;
			buildActionMask = 2147483647;
			dstPath = /usr/share/man/man1/;
			dstSubfolderSpec = 0;
			files = (
			);
			runOnlyForDeploymentPostprocessing = 1;
		};
/* End PBXCopyFilesBuildPhase section */

/* Begin PBXFileReference section */
		5EC0486A1E478F2F00E1E43F /* Picachu.cpp */ = {isa = PBXFileReference; fileEncoding = 4; lastKnownFileType = sourcecode.cpp.cpp; path = Picachu.cpp; sourceTree = "<group>"; };
		5EC0486B1E478F2F00E1E43F /* Picachu.hpp */ = {isa = PBXFileReference; fileEncoding = 4; lastKnownFileType = sourcecode.cpp.h; path = Picachu.hpp; sourceTree = "<group>"; };
		84200CE71E448A4E00B7C693 /* CppTestApp */ = {isa = PBXFileReference; explicitFileType = "compiled.mach-o.executable"; includeInIndex = 0; path = CppTestApp; sourceTree = BUILT_PRODUCTS_DIR; };
		84200CEA1E448A4E00B7C693 /* main.cpp */ = {isa = PBXFileReference; lastKnownFileType = sourcecode.cpp.cpp; path = main.cpp; sourceTree = "<group>"; };
		84200CF11E448AA700B7C693 /* MyClass.cpp */ = {isa = PBXFileReference; fileEncoding = 4; lastKnownFileType = sourcecode.cpp.cpp; path = MyClass.cpp; sourceTree = "<group>"; };
		84200CF21E448AA700B7C693 /* MyClass.hpp */ = {isa = PBXFileReference; fileEncoding = 4; lastKnownFileType = sourcecode.cpp.h; path = MyClass.hpp; sourceTree = "<group>"; };
		84200CF41E448F7000B7C693 /* MySecondClass.cpp */ = {isa = PBXFileReference; fileEncoding = 4; lastKnownFileType = sourcecode.cpp.cpp; path = MySecondClass.cpp; sourceTree = "<group>"; };
		84200CF51E448F7000B7C693 /* MySecondClass.hpp */ = {isa = PBXFileReference; fileEncoding = 4; lastKnownFileType = sourcecode.cpp.h; path = MySecondClass.hpp; sourceTree = "<group>"; };
/* End PBXFileReference section */

/* Begin PBXFrameworksBuildPhase section */
		84200CE41E448A4E00B7C693 /* Frameworks */ = {
			isa = PBXFrameworksBuildPhase;
			buildActionMask = 2147483647;
			files = (
			);
			runOnlyForDeploymentPostprocessing = 0;
		};
/* End PBXFrameworksBuildPhase section */

/* Begin PBXGroup section */
		84200CDE1E448A4D00B7C693 = {
			isa = PBXGroup;
			children = (
				84200CE91E448A4E00B7C693 /* CppTestApp */,
				84200CE81E448A4E00B7C693 /* Products */,
			);
			sourceTree = "<group>";
		};
		84200CE81E448A4E00B7C693 /* Products */ = {
			isa = PBXGroup;
			children = (
				84200CE71E448A4E00B7C693 /* CppTestApp */,
			);
			name = Products;
			sourceTree = "<group>";
		};
		84200CE91E448A4E00B7C693 /* CppTestApp */ = {
			isa = PBXGroup;
			children = (
				5EC0486A1E478F2F00E1E43F /* Picachu.cpp */,
				5EC0486B1E478F2F00E1E43F /* Picachu.hpp */,
				84200CEA1E448A4E00B7C693 /* main.cpp */,
				84200CF11E448AA700B7C693 /* MyClass.cpp */,
				84200CF21E448AA700B7C693 /* MyClass.hpp */,
				84200CF41E448F7000B7C693 /* MySecondClass.cpp */,
				84200CF51E448F7000B7C693 /* MySecondClass.hpp */,
			);
			path = CppTestApp;
			sourceTree = "<group>";
		};
/* End PBXGroup section */

/* Begin PBXNativeTarget section */
		84200CE61E448A4E00B7C693 /* CppTestApp */ = {
			isa = PBXNativeTarget;
			buildConfigurationList = 84200CEE1E448A4E00B7C693 /* Build configuration list for PBXNativeTarget "CppTestApp" */;
			buildPhases = (
				84200CE31E448A4E00B7C693 /* Sources */,
				84200CE41E448A4E00B7C693 /* Frameworks */,
				84200CE51E448A4E00B7C693 /* CopyFiles */,
			);
			buildRules = (
			);
			dependencies = (
			);
			name = CppTestApp;
			productName = CppTestApp;
			productReference = 84200CE71E448A4E00B7C693 /* CppTestApp */;
			productType = "com.apple.product-type.tool";
		};
/* End PBXNativeTarget section */

/* Begin PBXProject section */
		84200CDF1E448A4D00B7C693 /* Project object */ = {
			isa = PBXProject;
			attributes = {
				LastUpgradeCheck = 0820;
				ORGANIZATIONNAME = admin;
				TargetAttributes = {
					84200CE61E448A4E00B7C693 = {
						CreatedOnToolsVersion = 8.2.1;
						ProvisioningStyle = Automatic;
					};
				};
			};
			buildConfigurationList = 84200CE21E448A4D00B7C693 /* Build configuration list for PBXProject "CppTestApp" */;
			compatibilityVersion = "Xcode 3.2";
			developmentRegion = English;
			hasScannedForEncodings = 0;
			knownRegions = (
				en,
			);
			mainGroup = 84200CDE1E448A4D00B7C693;
			productRefGroup = 84200CE81E448A4E00B7C693 /* Products */;
			projectDirPath = "";
			projectRoot = "";
			targets = (
				84200CE61E448A4E00B7C693 /* CppTestApp */,
			);
		};
/* End PBXProject section */

/* Begin PBXSourcesBuildPhase section */
		84200CE31E448A4E00B7C693 /* Sources */ = {
			isa = PBXSourcesBuildPhase;
			buildActionMask = 2147483647;
			files = (
				84200CF31E448AA700B7C693 /* MyClass.cpp in Sources */,
				5EC0486C1E478F2F00E1E43F /* Picachu.cpp in Sources */,
				84200CF61E448F7000B7C693 /* MySecondClass.cpp in Sources */,
				84200CEB1E448A4E00B7C693 /* main.cpp in Sources */,
			);
			runOnlyForDeploymentPostprocessing = 0;
		};
/* End PBXSourcesBuildPhase section */

/* Begin XCBuildConfiguration section */
		84200CEC1E448A4E00B7C693 /* Debug */ = {
			isa = XCBuildConfiguration;
			buildSettings = {
				ALWAYS_SEARCH_USER_PATHS = NO;
				CLANG_ANALYZER_NONNULL = YES;
				CLANG_CXX_LANGUAGE_STANDARD = "gnu++0x";
				CLANG_CXX_LIBRARY = "libc++";
				CLANG_ENABLE_MODULES = YES;
				CLANG_ENABLE_OBJC_ARC = YES;
				CLANG_WARN_BOOL_CONVERSION = YES;
				CLANG_WARN_CONSTANT_CONVERSION = YES;
				CLANG_WARN_DIRECT_OBJC_ISA_USAGE = YES_ERROR;
				CLANG_WARN_DOCUMENTATION_COMMENTS = YES;
				CLANG_WARN_EMPTY_BODY = YES;
				CLANG_WARN_ENUM_CONVERSION = YES;
				CLANG_WARN_INFINITE_RECURSION = YES;
				CLANG_WARN_INT_CONVERSION = YES;
				CLANG_WARN_OBJC_ROOT_CLASS = YES_ERROR;
				CLANG_WARN_SUSPICIOUS_MOVE = YES;
				CLANG_WARN_UNREACHABLE_CODE = YES;
				CLANG_WARN__DUPLICATE_METHOD_MATCH = YES;
				CODE_SIGN_IDENTITY = "-";
				COPY_PHASE_STRIP = NO;
				DEBUG_INFORMATION_FORMAT = dwarf;
				ENABLE_STRICT_OBJC_MSGSEND = YES;
				ENABLE_TESTABILITY = YES;
				GCC_C_LANGUAGE_STANDARD = gnu99;
				GCC_DYNAMIC_NO_PIC = NO;
				GCC_NO_COMMON_BLOCKS = YES;
				GCC_OPTIMIZATION_LEVEL = 0;
				GCC_PREPROCESSOR_DEFINITIONS = (
					"DEBUG=1",
					"$(inherited)",
				);
				GCC_WARN_64_TO_32_BIT_CONVERSION = YES;
				GCC_WARN_ABOUT_RETURN_TYPE = YES_ERROR;
				GCC_WARN_UNDECLARED_SELECTOR = YES;
				GCC_WARN_UNINITIALIZED_AUTOS = YES_AGGRESSIVE;
				GCC_WARN_UNUSED_FUNCTION = YES;
				GCC_WARN_UNUSED_VARIABLE = YES;
				MACOSX_DEPLOYMENT_TARGET = 10.12;
				MTL_ENABLE_DEBUG_INFO = YES;
				ONLY_ACTIVE_ARCH = YES;
				SDKROOT = macosx;
			};
			name = Debug;
		};
		84200CED1E448A4E00B7C693 /* Release */ = {
			isa = XCBuildConfiguration;
			buildSettings = {
				ALWAYS_SEARCH_USER_PATHS = NO;
				CLANG_ANALYZER_NONNULL = YES;
				CLANG_CXX_LANGUAGE_STANDARD = "gnu++0x";
				CLANG_CXX_LIBRARY = "libc++";
				CLANG_ENABLE_MODULES = YES;
				CLANG_ENABLE_OBJC_ARC = YES;
				CLANG_WARN_BOOL_CONVERSION = YES;
				CLANG_WARN_CONSTANT_CONVERSION = YES;
				CLANG_WARN_DIRECT_OBJC_ISA_USAGE = YES_ERROR;
				CLANG_WARN_DOCUMENTATION_COMMENTS = YES;
				CLANG_WARN_EMPTY_BODY = YES;
				CLANG_WARN_ENUM_CONVERSION = YES;
				CLANG_WARN_INFINITE_RECURSION = YES;
				CLANG_WARN_INT_CONVERSION = YES;
				CLANG_WARN_OBJC_ROOT_CLASS = YES_ERROR;
				CLANG_WARN_SUSPICIOUS_MOVE = YES;
				CLANG_WARN_UNREACHABLE_CODE = YES;
				CLANG_WARN__DUPLICATE_METHOD_MATCH = YES;
				CODE_SIGN_IDENTITY = "-";
				COPY_PHASE_STRIP = NO;
				DEBUG_INFORMATION_FORMAT = "dwarf-with-dsym";
				ENABLE_NS_ASSERTIONS = NO;
				ENABLE_STRICT_OBJC_MSGSEND = YES;
				GCC_C_LANGUAGE_STANDARD = gnu99;
				GCC_NO_COMMON_BLOCKS = YES;
				GCC_WARN_64_TO_32_BIT_CONVERSION = YES;
				GCC_WARN_ABOUT_RETURN_TYPE = YES_ERROR;
				GCC_WARN_UNDECLARED_SELECTOR = YES;
				GCC_WARN_UNINITIALIZED_AUTOS = YES_AGGRESSIVE;
				GCC_WARN_UNUSED_FUNCTION = YES;
				GCC_WARN_UNUSED_VARIABLE = YES;
				MACOSX_DEPLOYMENT_TARGET = 10.12;
				MTL_ENABLE_DEBUG_INFO = NO;
				SDKROOT = macosx;
			};
			name = Release;
		};
		84200CEF1E448A4E00B7C693 /* Debug */ = {
			isa = XCBuildConfiguration;
			buildSettings = {
				MACOSX_DEPLOYMENT_TARGET = 10.7;
				PRODUCT_NAME = "$(TARGET_NAME)";
			};
			name = Debug;
		};
		84200CF01E448A4E00B7C693 /* Release */ = {
			isa = XCBuildConfiguration;
			buildSettings = {
				MACOSX_DEPLOYMENT_TARGET = 10.7;
				PRODUCT_NAME = "$(TARGET_NAME)";
			};
			name = Release;
		};
/* End XCBuildConfiguration section */

/* Begin XCConfigurationList section */
		84200CE21E448A4D00B7C693 /* Build configuration list for PBXProject "CppTestApp" */ = {
			isa = XCConfigurationList;
			buildConfigurations = (
				84200CEC1E448A4E00B7C693 /* Debug */,
				84200CED1E448A4E00B7C693 /* Release */,
			);
			defaultConfigurationIsVisible = 0;
			defaultConfigurationName = Release;
		};
		84200CEE1E448A4E00B7C693 /* Build configuration list for PBXNativeTarget "CppTestApp" */ = {
			isa = XCConfigurationList;
			buildConfigurations = (
				84200CEF1E448A4E00B7C693 /* Debug */,
				84200CF01E448A4E00B7C693 /* Release */,
			);
			defaultConfigurationIsVisible = 0;
			defaultConfigurationName = Release;
		};
/* End XCConfigurationList section */
	};
	rootObject = 84200CDF1E448A4D00B7C693 /* Project object */;
}
