
Microsoft Visual Studio Solution File, Format Version 12.00
# Visual Studio Version 17
VisualStudioVersion = 17.0.32112.339
MinimumVisualStudioVersion = 10.0.40219.1
Project("{8BC9CEB8-8B4A-11D0-8D11-00A0C91BC942}") = "AbstractTree", "AbstractTree\AbstractTree.vcxproj", "{001FB61B-3EF9-4A74-B3D0-65CCE270B412}"
EndProject
Global
	GlobalSection(SolutionConfigurationPlatforms) = preSolution
		Debug|x64 = Debug|x64
		Debug|x86 = Debug|x86
		Release|x64 = Release|x64
		Release|x86 = Release|x86
	EndGlobalSection
	GlobalSection(ProjectConfigurationPlatforms) = postSolution
		{001FB61B-3EF9-4A74-B3D0-65CCE270B412}.Debug|x64.ActiveCfg = Debug|x64
		{001FB61B-3EF9-4A74-B3D0-65CCE270B412}.Debug|x64.Build.0 = Debug|x64
		{001FB61B-3EF9-4A74-B3D0-65CCE270B412}.Debug|x86.ActiveCfg = Debug|Win32
		{001FB61B-3EF9-4A74-B3D0-65CCE270B412}.Debug|x86.Build.0 = Debug|Win32
		{001FB61B-3EF9-4A74-B3D0-65CCE270B412}.Release|x64.ActiveCfg = Release|x64
		{001FB61B-3EF9-4A74-B3D0-65CCE270B412}.Release|x64.Build.0 = Release|x64
		{001FB61B-3EF9-4A74-B3D0-65CCE270B412}.Release|x86.ActiveCfg = Release|Win32
		{001FB61B-3EF9-4A74-B3D0-65CCE270B412}.Release|x86.Build.0 = Release|Win32
	EndGlobalSection
	GlobalSection(SolutionProperties) = preSolution
		HideSolutionNode = FALSE
	EndGlobalSection
	GlobalSection(ExtensibilityGlobals) = postSolution
		SolutionGuid = {BED91E10-9A9C-40E5-A13A-040DE7E689E3}
	EndGlobalSection
EndGlobal
