
Microsoft Visual Studio Solution File, Format Version 12.00
# Visual Studio 15
VisualStudioVersion = 15.0.26206.0
MinimumVisualStudioVersion = 10.0.40219.1
Project("{8BC9CEB8-8B4A-11D0-8D11-00A0C91BC942}") = "Lambdas", "Lambdas.vcxproj", "{5E7FB9D9-6EA5-4414-8B8B-04538D824923}"
EndProject
Project("{8BC9CEB8-8B4A-11D0-8D11-00A0C91BC942}") = "Lambdas2", "..\Lambdas2\Lambdas2.vcxproj", "{CDAAB426-71DB-4AB9-90C1-DD4BAD4D90EA}"
EndProject
Global
	GlobalSection(SolutionConfigurationPlatforms) = preSolution
		Debug|x64 = Debug|x64
		Debug|x86 = Debug|x86
		Release|x64 = Release|x64
		Release|x86 = Release|x86
	EndGlobalSection
	GlobalSection(ProjectConfigurationPlatforms) = postSolution
		{5E7FB9D9-6EA5-4414-8B8B-04538D824923}.Debug|x64.ActiveCfg = Debug|x64
		{5E7FB9D9-6EA5-4414-8B8B-04538D824923}.Debug|x64.Build.0 = Debug|x64
		{5E7FB9D9-6EA5-4414-8B8B-04538D824923}.Debug|x86.ActiveCfg = Debug|Win32
		{5E7FB9D9-6EA5-4414-8B8B-04538D824923}.Debug|x86.Build.0 = Debug|Win32
		{5E7FB9D9-6EA5-4414-8B8B-04538D824923}.Release|x64.ActiveCfg = Release|x64
		{5E7FB9D9-6EA5-4414-8B8B-04538D824923}.Release|x64.Build.0 = Release|x64
		{5E7FB9D9-6EA5-4414-8B8B-04538D824923}.Release|x86.ActiveCfg = Release|Win32
		{5E7FB9D9-6EA5-4414-8B8B-04538D824923}.Release|x86.Build.0 = Release|Win32
		{CDAAB426-71DB-4AB9-90C1-DD4BAD4D90EA}.Debug|x64.ActiveCfg = Debug|x64
		{CDAAB426-71DB-4AB9-90C1-DD4BAD4D90EA}.Debug|x64.Build.0 = Debug|x64
		{CDAAB426-71DB-4AB9-90C1-DD4BAD4D90EA}.Debug|x86.ActiveCfg = Debug|Win32
		{CDAAB426-71DB-4AB9-90C1-DD4BAD4D90EA}.Debug|x86.Build.0 = Debug|Win32
		{CDAAB426-71DB-4AB9-90C1-DD4BAD4D90EA}.Release|x64.ActiveCfg = Release|x64
		{CDAAB426-71DB-4AB9-90C1-DD4BAD4D90EA}.Release|x64.Build.0 = Release|x64
		{CDAAB426-71DB-4AB9-90C1-DD4BAD4D90EA}.Release|x86.ActiveCfg = Release|Win32
		{CDAAB426-71DB-4AB9-90C1-DD4BAD4D90EA}.Release|x86.Build.0 = Release|Win32
	EndGlobalSection
	GlobalSection(SolutionProperties) = preSolution
		HideSolutionNode = FALSE
	EndGlobalSection
EndGlobal
