
Microsoft Visual Studio Solution File, Format Version 12.00
# Visual Studio Version 17
VisualStudioVersion = 17.9.34607.119
MinimumVisualStudioVersion = 10.0.40219.1
Project("{8BC9CEB8-8B4A-11D0-8D11-00A0C91BC942}") = "Templates_Iglberger_Print", "Templates_Iglberger_Print.vcxproj", "{9A20D246-B8FC-490E-ACB9-7477ED42FD73}"
EndProject
Global
	GlobalSection(SolutionConfigurationPlatforms) = preSolution
		Debug|x64 = Debug|x64
		Debug|x86 = Debug|x86
		Release|x64 = Release|x64
		Release|x86 = Release|x86
	EndGlobalSection
	GlobalSection(ProjectConfigurationPlatforms) = postSolution
		{9A20D246-B8FC-490E-ACB9-7477ED42FD73}.Debug|x64.ActiveCfg = Debug|x64
		{9A20D246-B8FC-490E-ACB9-7477ED42FD73}.Debug|x64.Build.0 = Debug|x64
		{9A20D246-B8FC-490E-ACB9-7477ED42FD73}.Debug|x86.ActiveCfg = Debug|Win32
		{9A20D246-B8FC-490E-ACB9-7477ED42FD73}.Debug|x86.Build.0 = Debug|Win32
		{9A20D246-B8FC-490E-ACB9-7477ED42FD73}.Release|x64.ActiveCfg = Release|x64
		{9A20D246-B8FC-490E-ACB9-7477ED42FD73}.Release|x64.Build.0 = Release|x64
		{9A20D246-B8FC-490E-ACB9-7477ED42FD73}.Release|x86.ActiveCfg = Release|Win32
		{9A20D246-B8FC-490E-ACB9-7477ED42FD73}.Release|x86.Build.0 = Release|Win32
	EndGlobalSection
	GlobalSection(SolutionProperties) = preSolution
		HideSolutionNode = FALSE
	EndGlobalSection
	GlobalSection(ExtensibilityGlobals) = postSolution
		SolutionGuid = {36D24990-ADBC-4CE3-B922-E371EF07C4FF}
	EndGlobalSection
EndGlobal
