
Microsoft Visual Studio Solution File, Format Version 12.00
# Visual Studio Version 17
VisualStudioVersion = 17.0.32112.339
MinimumVisualStudioVersion = 10.0.40219.1
Project("{8BC9CEB8-8B4A-11D0-8D11-00A0C91BC942}") = "Matryoshkas", "Matryoshkas\Matryoshkas.vcxproj", "{3D08C2F5-749D-402B-B91C-FA02AE67083B}"
EndProject
Project("{8BC9CEB8-8B4A-11D0-8D11-00A0C91BC942}") = "Sample-Test1", "Sample-Test1\Sample-Test1.vcxproj", "{513B995D-F4FA-4AEF-96DA-C06C82E86B10}"
EndProject
Project("{8BC9CEB8-8B4A-11D0-8D11-00A0C91BC942}") = "StaticLib1", "StaticLib1\StaticLib1.vcxproj", "{332BD482-A48F-408B-AB53-A1C97F0C696A}"
EndProject
Global
	GlobalSection(SolutionConfigurationPlatforms) = preSolution
		Debug|x64 = Debug|x64
		Debug|x86 = Debug|x86
		Release|x64 = Release|x64
		Release|x86 = Release|x86
	EndGlobalSection
	GlobalSection(ProjectConfigurationPlatforms) = postSolution
		{3D08C2F5-749D-402B-B91C-FA02AE67083B}.Debug|x64.ActiveCfg = Debug|x64
		{3D08C2F5-749D-402B-B91C-FA02AE67083B}.Debug|x64.Build.0 = Debug|x64
		{3D08C2F5-749D-402B-B91C-FA02AE67083B}.Debug|x86.ActiveCfg = Debug|Win32
		{3D08C2F5-749D-402B-B91C-FA02AE67083B}.Debug|x86.Build.0 = Debug|Win32
		{3D08C2F5-749D-402B-B91C-FA02AE67083B}.Release|x64.ActiveCfg = Release|x64
		{3D08C2F5-749D-402B-B91C-FA02AE67083B}.Release|x64.Build.0 = Release|x64
		{3D08C2F5-749D-402B-B91C-FA02AE67083B}.Release|x86.ActiveCfg = Release|Win32
		{3D08C2F5-749D-402B-B91C-FA02AE67083B}.Release|x86.Build.0 = Release|Win32
		{513B995D-F4FA-4AEF-96DA-C06C82E86B10}.Debug|x64.ActiveCfg = Debug|x64
		{513B995D-F4FA-4AEF-96DA-C06C82E86B10}.Debug|x64.Build.0 = Debug|x64
		{513B995D-F4FA-4AEF-96DA-C06C82E86B10}.Debug|x86.ActiveCfg = Debug|Win32
		{513B995D-F4FA-4AEF-96DA-C06C82E86B10}.Debug|x86.Build.0 = Debug|Win32
		{513B995D-F4FA-4AEF-96DA-C06C82E86B10}.Release|x64.ActiveCfg = Release|x64
		{513B995D-F4FA-4AEF-96DA-C06C82E86B10}.Release|x64.Build.0 = Release|x64
		{513B995D-F4FA-4AEF-96DA-C06C82E86B10}.Release|x86.ActiveCfg = Release|Win32
		{513B995D-F4FA-4AEF-96DA-C06C82E86B10}.Release|x86.Build.0 = Release|Win32
		{332BD482-A48F-408B-AB53-A1C97F0C696A}.Debug|x64.ActiveCfg = Debug|x64
		{332BD482-A48F-408B-AB53-A1C97F0C696A}.Debug|x64.Build.0 = Debug|x64
		{332BD482-A48F-408B-AB53-A1C97F0C696A}.Debug|x86.ActiveCfg = Debug|Win32
		{332BD482-A48F-408B-AB53-A1C97F0C696A}.Debug|x86.Build.0 = Debug|Win32
		{332BD482-A48F-408B-AB53-A1C97F0C696A}.Release|x64.ActiveCfg = Release|x64
		{332BD482-A48F-408B-AB53-A1C97F0C696A}.Release|x64.Build.0 = Release|x64
		{332BD482-A48F-408B-AB53-A1C97F0C696A}.Release|x86.ActiveCfg = Release|Win32
		{332BD482-A48F-408B-AB53-A1C97F0C696A}.Release|x86.Build.0 = Release|Win32
	EndGlobalSection
	GlobalSection(SolutionProperties) = preSolution
		HideSolutionNode = FALSE
	EndGlobalSection
	GlobalSection(ExtensibilityGlobals) = postSolution
		SolutionGuid = {BFCC42EF-A88E-4EA7-A066-041FAB5CE296}
	EndGlobalSection
EndGlobal
